// !$*UTF8*$!
{
	archiveVersion = 1;
	classes = {
	};
	objectVersion = 55;
	objects = {

/* Begin PBXBuildFile section */
		1106670EBC61298B38943484 /* Assets.xcassets in Resources */ = {isa = PBXBuildFile; fileRef = D56DEEB6D28F2D9D5398609B /* Assets.xcassets */; };
		1C0F2792556C4FB4B69120B1 /* SKMUITests.swift in Sources */ = {isa = PBXBuildFile; fileRef = 925BF8832F4F69FCAB6ECE74 /* SKMUITests.swift */; };
		3BD30DBC41B24FDF9CA5E7E0 /* DiagnosticsViews.swift in Sources */ = {isa = PBXBuildFile; fileRef = EBA02051547FBD0A3CAF0EAF /* DiagnosticsViews.swift */; };
		5AB7331AA5DD7E18A9FF5E9E /* SourcesViews.swift in Sources */ = {isa = PBXBuildFile; fileRef = 5B79C9520FC49E3978FE9DCA /* SourcesViews.swift */; };
		5CB541B83F2903AF41D137DF /* FileChangeMonitor.swift in Sources */ = {isa = PBXBuildFile; fileRef = 5AF2FD5D032C459EDF8129F9 /* FileChangeMonitor.swift */; };
		6E990A3952BFAE9AD9669E5C /* SkillsViews.swift in Sources */ = {isa = PBXBuildFile; fileRef = 8A3742F40E78420077C423A6 /* SkillsViews.swift */; };
		721F009D1D6F5C349F5E6D6E /* Phase3Views.swift in Sources */ = {isa = PBXBuildFile; fileRef = 3A58F83E890D35697F62B82B /* Phase3Views.swift */; };
		7413D065476DEF2CA7DB5D8F /* CoreClient.swift in Sources */ = {isa = PBXBuildFile; fileRef = 429783E93603296CB2D7CB42 /* CoreClient.swift */; };
		78ACAAFA032D10D67A330BE5 /* Models.swift in Sources */ = {isa = PBXBuildFile; fileRef = 7E40BC7CB40783A97247789F /* Models.swift */; };
		84D9A7B9C97070C47EF3E3E1 /* SparkleUpdater.swift in Sources */ = {isa = PBXBuildFile; fileRef = AA350D100C89E308AB417EA4 /* SparkleUpdater.swift */; };
		919DCF2691386FBE7BFB1648 /* Sparkle in Frameworks */ = {isa = PBXBuildFile; productRef = 6BD7A66D76F77CCA9DDC0956 /* Sparkle */; };
		9F549DC12757A782F7B5AA03 /* TuistBundle+SKM.swift in Sources */ = {isa = PBXBuildFile; fileRef = 4FE6F8EA1789EACD76C69584 /* TuistBundle+SKM.swift */; };
		9FDDA2849C51B2419F28CE50 /* AppModelTests.swift in Sources */ = {isa = PBXBuildFile; fileRef = D911E9F0468B541067E4B286 /* AppModelTests.swift */; };
		A59F9AC65EC3577FF5D8CA74 /* AgentsViews.swift in Sources */ = {isa = PBXBuildFile; fileRef = 19FCDAC7FF254EBCA9F8F78C /* AgentsViews.swift */; };
		B8F0C11B6F7742B093A51E01 /* TagFilterBar.swift in Sources */ = {isa = PBXBuildFile; fileRef = B8F0C11B6F7742B093A51E02 /* TagFilterBar.swift */; };
		C1A55E550000000000000001 /* ProjectAccessStatus.swift in Sources */ = {isa = PBXBuildFile; fileRef = C1A55E550000000000000002 /* ProjectAccessStatus.swift */; };
		C1A55E560000000000000001 /* ProjectAccessSettingsView.swift in Sources */ = {isa = PBXBuildFile; fileRef = C1A55E560000000000000002 /* ProjectAccessSettingsView.swift */; };
		C9B9B1E200AB7B41C7565D5D /* RootView.swift in Sources */ = {isa = PBXBuildFile; fileRef = E58F665593E8DCC13790995F /* RootView.swift */; };
		CB194CE0CB17A6BDBEF2E17C /* QuickLookPresenter.swift in Sources */ = {isa = PBXBuildFile; fileRef = 153D455E1392673430B92DE2 /* QuickLookPresenter.swift */; };
		D02A6A7F6F768ECB352AB371 /* WorkspaceViews.swift in Sources */ = {isa = PBXBuildFile; fileRef = 76395AA4D3CDB13A2EA08F96 /* WorkspaceViews.swift */; };
		D0E3D2AAAA39AA7801A87F49 /* Localizable.xcstrings in Resources */ = {isa = PBXBuildFile; fileRef = 32A2DA6658A101CFB7A62977 /* Localizable.xcstrings */; };
		D5BD2C26163524C81996F417 /* ProjectsViews.swift in Sources */ = {isa = PBXBuildFile; fileRef = 6BCD029EDC835D56BCC8D2FF /* ProjectsViews.swift */; };
		DB4764650C774C5DD15C0660 /* AppModel.swift in Sources */ = {isa = PBXBuildFile; fileRef = 20709688D10BA879FDCA531B /* AppModel.swift */; };
		DDF27EC8381E6AC6FD5162E8 /* TuistAssets+SKM.swift in Sources */ = {isa = PBXBuildFile; fileRef = 37872FA8150C4D8CFF7FB6A6 /* TuistAssets+SKM.swift */; };
		E2A97B6A3F3445B3C7C92E68 /* PromptsViews.swift in Sources */ = {isa = PBXBuildFile; fileRef = A31D5DC3D0B1C74CA854A593 /* PromptsViews.swift */; };
		EDF7A073596CFA3FFC20EE47 /* SKMApp.swift in Sources */ = {isa = PBXBuildFile; fileRef = 2802B0E8AB8EFD1728F8C910 /* SKMApp.swift */; };
		F414ECF3C7108F46856EE347 /* ModelsTests.swift in Sources */ = {isa = PBXBuildFile; fileRef = 563C8963967743430C0ACAB0 /* ModelsTests.swift */; };
/* End PBXBuildFile section */

/* Begin PBXContainerItemProxy section */
		412C359F33035AC90432CBA9 /* PBXContainerItemProxy */ = {
			isa = PBXContainerItemProxy;
			containerPortal = 4C287F98CC5CFAF85F187B01 /* Project object */;
			proxyType = 1;
			remoteGlobalIDString = 8B44F6F33C6A94208DDFCBBD;
			remoteInfo = SKM;
		};
		D8FF61A176E19AF0D27E7759 /* PBXContainerItemProxy */ = {
			isa = PBXContainerItemProxy;
			containerPortal = 4C287F98CC5CFAF85F187B01 /* Project object */;
			proxyType = 1;
			remoteGlobalIDString = 8B44F6F33C6A94208DDFCBBD;
			remoteInfo = SKM;
		};
/* End PBXContainerItemProxy section */

/* Begin PBXCopyFilesBuildPhase section */
		3A8D71748CD144C5CCE35182 /* Embed Frameworks */ = {
			isa = PBXCopyFilesBuildPhase;
			buildActionMask = 2147483647;
			dstPath = "";
			dstSubfolderSpec = 10;
			files = (
			);
			name = "Embed Frameworks";
			runOnlyForDeploymentPostprocessing = 0;
		};
		9AA4B16D0C1531886C1DA2F8 /* Embed Frameworks */ = {
			isa = PBXCopyFilesBuildPhase;
			buildActionMask = 2147483647;
			dstPath = "";
			dstSubfolderSpec = 10;
			files = (
			);
			name = "Embed Frameworks";
			runOnlyForDeploymentPostprocessing = 0;
		};
		F176F3B70AC70A24DBA8C233 /* Embed Frameworks */ = {
			isa = PBXCopyFilesBuildPhase;
			buildActionMask = 2147483647;
			dstPath = "";
			dstSubfolderSpec = 10;
			files = (
			);
			name = "Embed Frameworks";
			runOnlyForDeploymentPostprocessing = 0;
		};
/* End PBXCopyFilesBuildPhase section */

/* Begin PBXFileReference section */
		07F393F9A75E0B1EFAB35C55 /* SKM-Info.plist */ = {isa = PBXFileReference; lastKnownFileType = text.plist; path = "SKM-Info.plist"; sourceTree = "<group>"; };
		153D455E1392673430B92DE2 /* QuickLookPresenter.swift */ = {isa = PBXFileReference; lastKnownFileType = sourcecode.swift; path = QuickLookPresenter.swift; sourceTree = "<group>"; };
		19FCDAC7FF254EBCA9F8F78C /* AgentsViews.swift */ = {isa = PBXFileReference; lastKnownFileType = sourcecode.swift; path = AgentsViews.swift; sourceTree = "<group>"; };
		20709688D10BA879FDCA531B /* AppModel.swift */ = {isa = PBXFileReference; lastKnownFileType = sourcecode.swift; path = AppModel.swift; sourceTree = "<group>"; };
		2802B0E8AB8EFD1728F8C910 /* SKMApp.swift */ = {isa = PBXFileReference; lastKnownFileType = sourcecode.swift; path = SKMApp.swift; sourceTree = "<group>"; };
		32A2DA6658A101CFB7A62977 /* Localizable.xcstrings */ = {isa = PBXFileReference; path = Localizable.xcstrings; sourceTree = "<group>"; };
		37872FA8150C4D8CFF7FB6A6 /* TuistAssets+SKM.swift */ = {isa = PBXFileReference; lastKnownFileType = sourcecode.swift; path = "TuistAssets+SKM.swift"; sourceTree = "<group>"; };
		3A58F83E890D35697F62B82B /* Phase3Views.swift */ = {isa = PBXFileReference; lastKnownFileType = sourcecode.swift; path = Phase3Views.swift; sourceTree = "<group>"; };
		429783E93603296CB2D7CB42 /* CoreClient.swift */ = {isa = PBXFileReference; lastKnownFileType = sourcecode.swift; path = CoreClient.swift; sourceTree = "<group>"; };
		492B3D27AF371E24C94DA501 /* SKMTests.xctest */ = {isa = PBXFileReference; explicitFileType = wrapper.cfbundle; includeInIndex = 0; path = SKMTests.xctest; sourceTree = BUILT_PRODUCTS_DIR; };
		4C114BD280CAA6A577F2F31E /* SKM.app */ = {isa = PBXFileReference; explicitFileType = wrapper.application; includeInIndex = 0; path = SKM.app; sourceTree = BUILT_PRODUCTS_DIR; };
		4FE6F8EA1789EACD76C69584 /* TuistBundle+SKM.swift */ = {isa = PBXFileReference; lastKnownFileType = sourcecode.swift; path = "TuistBundle+SKM.swift"; sourceTree = "<group>"; };
		563C8963967743430C0ACAB0 /* ModelsTests.swift */ = {isa = PBXFileReference; lastKnownFileType = sourcecode.swift; path = ModelsTests.swift; sourceTree = "<group>"; };
		5AF2FD5D032C459EDF8129F9 /* FileChangeMonitor.swift */ = {isa = PBXFileReference; lastKnownFileType = sourcecode.swift; path = FileChangeMonitor.swift; sourceTree = "<group>"; };
		5B79C9520FC49E3978FE9DCA /* SourcesViews.swift */ = {isa = PBXFileReference; lastKnownFileType = sourcecode.swift; path = SourcesViews.swift; sourceTree = "<group>"; };
		6BCD029EDC835D56BCC8D2FF /* ProjectsViews.swift */ = {isa = PBXFileReference; lastKnownFileType = sourcecode.swift; path = ProjectsViews.swift; sourceTree = "<group>"; };
		76395AA4D3CDB13A2EA08F96 /* WorkspaceViews.swift */ = {isa = PBXFileReference; lastKnownFileType = sourcecode.swift; path = WorkspaceViews.swift; sourceTree = "<group>"; };
		7E40BC7CB40783A97247789F /* Models.swift */ = {isa = PBXFileReference; lastKnownFileType = sourcecode.swift; path = Models.swift; sourceTree = "<group>"; };
		82654FEC2F213C35924EBDFB /* SKMUITests.xctest */ = {isa = PBXFileReference; explicitFileType = wrapper.cfbundle; includeInIndex = 0; path = SKMUITests.xctest; sourceTree = BUILT_PRODUCTS_DIR; };
		8A3742F40E78420077C423A6 /* SkillsViews.swift */ = {isa = PBXFileReference; lastKnownFileType = sourcecode.swift; path = SkillsViews.swift; sourceTree = "<group>"; };
		925BF8832F4F69FCAB6ECE74 /* SKMUITests.swift */ = {isa = PBXFileReference; lastKnownFileType = sourcecode.swift; path = SKMUITests.swift; sourceTree = "<group>"; };
		A31D5DC3D0B1C74CA854A593 /* PromptsViews.swift */ = {isa = PBXFileReference; lastKnownFileType = sourcecode.swift; path = PromptsViews.swift; sourceTree = "<group>"; };
		AA350D100C89E308AB417EA4 /* SparkleUpdater.swift */ = {isa = PBXFileReference; lastKnownFileType = sourcecode.swift; path = SparkleUpdater.swift; sourceTree = "<group>"; };
		B8F0C11B6F7742B093A51E02 /* TagFilterBar.swift */ = {isa = PBXFileReference; lastKnownFileType = sourcecode.swift; path = TagFilterBar.swift; sourceTree = "<group>"; };
		C1A55E550000000000000002 /* ProjectAccessStatus.swift */ = {isa = PBXFileReference; lastKnownFileType = sourcecode.swift; path = ProjectAccessStatus.swift; sourceTree = "<group>"; };
		C1A55E560000000000000002 /* ProjectAccessSettingsView.swift */ = {isa = PBXFileReference; lastKnownFileType = sourcecode.swift; path = ProjectAccessSettingsView.swift; sourceTree = "<group>"; };
		BB6FCBC6C244094C7D0648A4 /* SKMUITests-Info.plist */ = {isa = PBXFileReference; lastKnownFileType = text.plist; path = "SKMUITests-Info.plist"; sourceTree = "<group>"; };
		D56DEEB6D28F2D9D5398609B /* Assets.xcassets */ = {isa = PBXFileReference; lastKnownFileType = folder.assetcatalog; path = Assets.xcassets; sourceTree = "<group>"; };
		D911E9F0468B541067E4B286 /* AppModelTests.swift */ = {isa = PBXFileReference; lastKnownFileType = sourcecode.swift; path = AppModelTests.swift; sourceTree = "<group>"; };
		E58F665593E8DCC13790995F /* RootView.swift */ = {isa = PBXFileReference; lastKnownFileType = sourcecode.swift; path = RootView.swift; sourceTree = "<group>"; };
		EBA02051547FBD0A3CAF0EAF /* DiagnosticsViews.swift */ = {isa = PBXFileReference; lastKnownFileType = sourcecode.swift; path = DiagnosticsViews.swift; sourceTree = "<group>"; };
		FE1364B3F26E98BFC6EAB5A9 /* SKMTests-Info.plist */ = {isa = PBXFileReference; lastKnownFileType = text.plist; path = "SKMTests-Info.plist"; sourceTree = "<group>"; };
/* End PBXFileReference section */

/* Begin PBXFrameworksBuildPhase section */
		4314FA90D14696C095787512 /* Frameworks */ = {
			isa = PBXFrameworksBuildPhase;
			buildActionMask = 2147483647;
			files = (
				919DCF2691386FBE7BFB1648 /* Sparkle in Frameworks */,
			);
			runOnlyForDeploymentPostprocessing = 0;
		};
		7AF5858D97A933215DE48EF1 /* Frameworks */ = {
			isa = PBXFrameworksBuildPhase;
			buildActionMask = 2147483647;
			files = (
			);
			runOnlyForDeploymentPostprocessing = 0;
		};
		973A85749C9C449774EED659 /* Frameworks */ = {
			isa = PBXFrameworksBuildPhase;
			buildActionMask = 2147483647;
			files = (
			);
			runOnlyForDeploymentPostprocessing = 0;
		};
/* End PBXFrameworksBuildPhase section */

/* Begin PBXGroup section */
		02F15441FAF91E9102D96F6A /* App */ = {
			isa = PBXGroup;
			children = (
				20709688D10BA879FDCA531B /* AppModel.swift */,
				E58F665593E8DCC13790995F /* RootView.swift */,
				2802B0E8AB8EFD1728F8C910 /* SKMApp.swift */,
			);
			path = App;
			sourceTree = "<group>";
		};
		044309B87E88CC1B2CBB286D /* Products */ = {
			isa = PBXGroup;
			children = (
				4C114BD280CAA6A577F2F31E /* SKM.app */,
				492B3D27AF371E24C94DA501 /* SKMTests.xctest */,
				82654FEC2F213C35924EBDFB /* SKMUITests.xctest */,
			);
			name = Products;
			sourceTree = "<group>";
		};
		0F4F97C807937BFB138283B2 /* InfoPlists */ = {
			isa = PBXGroup;
			children = (
				07F393F9A75E0B1EFAB35C55 /* SKM-Info.plist */,
				FE1364B3F26E98BFC6EAB5A9 /* SKMTests-Info.plist */,
				BB6FCBC6C244094C7D0648A4 /* SKMUITests-Info.plist */,
			);
			path = InfoPlists;
			sourceTree = "<group>";
		};
		0FFD4189347C5CC73F0E8616 = {
			isa = PBXGroup;
			children = (
				7BFEA8D004FBD056A2741519 /* Project */,
				044309B87E88CC1B2CBB286D /* Products */,
			);
			sourceTree = "<group>";
		};
		130C3543DD5FAA1823D8D6A2 /* Core */ = {
			isa = PBXGroup;
			children = (
				429783E93603296CB2D7CB42 /* CoreClient.swift */,
				5AF2FD5D032C459EDF8129F9 /* FileChangeMonitor.swift */,
				7E40BC7CB40783A97247789F /* Models.swift */,
				C1A55E550000000000000002 /* ProjectAccessStatus.swift */,
				153D455E1392673430B92DE2 /* QuickLookPresenter.swift */,
				AA350D100C89E308AB417EA4 /* SparkleUpdater.swift */,
			);
			path = Core;
			sourceTree = "<group>";
		};
		56A69C056AC2A71710EB95FB /* Resources */ = {
			isa = PBXGroup;
			children = (
				D56DEEB6D28F2D9D5398609B /* Assets.xcassets */,
				32A2DA6658A101CFB7A62977 /* Localizable.xcstrings */,
			);
			path = Resources;
			sourceTree = "<group>";
		};
		5A89654ACBFBDF65B32CA58F /* Features */ = {
			isa = PBXGroup;
			children = (
				19FCDAC7FF254EBCA9F8F78C /* AgentsViews.swift */,
				EBA02051547FBD0A3CAF0EAF /* DiagnosticsViews.swift */,
				3A58F83E890D35697F62B82B /* Phase3Views.swift */,
				C1A55E560000000000000002 /* ProjectAccessSettingsView.swift */,
				6BCD029EDC835D56BCC8D2FF /* ProjectsViews.swift */,
				A31D5DC3D0B1C74CA854A593 /* PromptsViews.swift */,
				8A3742F40E78420077C423A6 /* SkillsViews.swift */,
				5B79C9520FC49E3978FE9DCA /* SourcesViews.swift */,
				B8F0C11B6F7742B093A51E02 /* TagFilterBar.swift */,
				76395AA4D3CDB13A2EA08F96 /* WorkspaceViews.swift */,
			);
			path = Features;
			sourceTree = "<group>";
		};
		7BFEA8D004FBD056A2741519 /* Project */ = {
			isa = PBXGroup;
			children = (
				C4001CBA9C60AB178CFBA263 /* Derived */,
				A46EA9BA12700C8686EAB79A /* SKMApp */,
			);
			name = Project;
			sourceTree = "<group>";
		};
		8F57E8140CDCCA6252A7453C /* Sources */ = {
			isa = PBXGroup;
			children = (
				37872FA8150C4D8CFF7FB6A6 /* TuistAssets+SKM.swift */,
				4FE6F8EA1789EACD76C69584 /* TuistBundle+SKM.swift */,
			);
			path = Sources;
			sourceTree = "<group>";
		};
		918246A2E5ACA185D5749799 /* Sources */ = {
			isa = PBXGroup;
			children = (
				02F15441FAF91E9102D96F6A /* App */,
				130C3543DD5FAA1823D8D6A2 /* Core */,
				5A89654ACBFBDF65B32CA58F /* Features */,
			);
			path = Sources;
			sourceTree = "<group>";
		};
		A205DA147EDC292B0B061253 /* UITests */ = {
			isa = PBXGroup;
			children = (
				925BF8832F4F69FCAB6ECE74 /* SKMUITests.swift */,
			);
			path = UITests;
			sourceTree = "<group>";
		};
		A46EA9BA12700C8686EAB79A /* SKMApp */ = {
			isa = PBXGroup;
			children = (
				56A69C056AC2A71710EB95FB /* Resources */,
				918246A2E5ACA185D5749799 /* Sources */,
				FAE9AC840515E08F2C59CCB2 /* Tests */,
				A205DA147EDC292B0B061253 /* UITests */,
			);
			path = SKMApp;
			sourceTree = "<group>";
		};
		C4001CBA9C60AB178CFBA263 /* Derived */ = {
			isa = PBXGroup;
			children = (
				0F4F97C807937BFB138283B2 /* InfoPlists */,
				8F57E8140CDCCA6252A7453C /* Sources */,
			);
			path = Derived;
			sourceTree = "<group>";
		};
		FAE9AC840515E08F2C59CCB2 /* Tests */ = {
			isa = PBXGroup;
			children = (
				D911E9F0468B541067E4B286 /* AppModelTests.swift */,
				563C8963967743430C0ACAB0 /* ModelsTests.swift */,
			);
			path = Tests;
			sourceTree = "<group>";
		};
/* End PBXGroup section */

/* Begin PBXNativeTarget section */
		52BABDCE09AC70AE94DA3A71 /* SKMUITests */ = {
			isa = PBXNativeTarget;
			buildConfigurationList = E57D83590F6645B98E9AED91 /* Build configuration list for PBXNativeTarget "SKMUITests" */;
			buildPhases = (
				B9A135E34155CE492DC3C9D2 /* Sources */,
				4F6074A83EC609759C0EE8B5 /* Resources */,
				973A85749C9C449774EED659 /* Frameworks */,
				3A8D71748CD144C5CCE35182 /* Embed Frameworks */,
			);
			buildRules = (
			);
			dependencies = (
				FD8C93C72AB6B3473DA4BA8B /* PBXTargetDependency */,
			);
			name = SKMUITests;
			packageProductDependencies = (
			);
			productName = SKMUITests;
			productReference = 82654FEC2F213C35924EBDFB /* SKMUITests.xctest */;
			productType = "com.apple.product-type.bundle.ui-testing";
		};
		82963E4EE77A35BBF2B1EED3 /* SKMTests */ = {
			isa = PBXNativeTarget;
			buildConfigurationList = B54C1E0FAAD74708360513BB /* Build configuration list for PBXNativeTarget "SKMTests" */;
			buildPhases = (
				6CD3F55280BB16CD1690111F /* Sources */,
				4DB3C7E5B686969DF7A36F68 /* Resources */,
				7AF5858D97A933215DE48EF1 /* Frameworks */,
				F176F3B70AC70A24DBA8C233 /* Embed Frameworks */,
			);
			buildRules = (
			);
			dependencies = (
				524F51AA3BF4E466E969435A /* PBXTargetDependency */,
			);
			name = SKMTests;
			packageProductDependencies = (
			);
			productName = SKMTests;
			productReference = 492B3D27AF371E24C94DA501 /* SKMTests.xctest */;
			productType = "com.apple.product-type.bundle.unit-test";
		};
		8B44F6F33C6A94208DDFCBBD /* SKM */ = {
			isa = PBXNativeTarget;
			buildConfigurationList = D8AB72EE7FA042ED01BD50F2 /* Build configuration list for PBXNativeTarget "SKM" */;
			buildPhases = (
				C8EDC046F66F643D6824E280 /* Build bundled Go Core */,
				815E6D67C07AE0BB31AB401F /* Sources */,
				8A84DE5911F850D3423C6266 /* Resources */,
				4314FA90D14696C095787512 /* Frameworks */,
				9AA4B16D0C1531886C1DA2F8 /* Embed Frameworks */,
			);
			buildRules = (
			);
			dependencies = (
			);
			name = SKM;
			packageProductDependencies = (
				6BD7A66D76F77CCA9DDC0956 /* Sparkle */,
			);
			productName = SKM;
			productReference = 4C114BD280CAA6A577F2F31E /* SKM.app */;
			productType = "com.apple.product-type.application";
		};
/* End PBXNativeTarget section */

/* Begin PBXProject section */
		4C287F98CC5CFAF85F187B01 /* Project object */ = {
			isa = PBXProject;
			attributes = {
				BuildIndependentTargetsInParallel = YES;
				TargetAttributes = {
					52BABDCE09AC70AE94DA3A71 = {
						TestTargetID = 8B44F6F33C6A94208DDFCBBD;
					};
					82963E4EE77A35BBF2B1EED3 = {
						TestTargetID = 8B44F6F33C6A94208DDFCBBD;
					};
				};
			};
			buildConfigurationList = 30AF14A9880205E8CA1AE54E /* Build configuration list for PBXProject "SKM" */;
			compatibilityVersion = "Xcode 14.0";
			developmentRegion = "zh-Hans";
			hasScannedForEncodings = 0;
			knownRegions = (
				en,
				"zh-Hans",
			);
			mainGroup = 0FFD4189347C5CC73F0E8616;
			packageReferences = (
				4895FA94C95E2B3FAC6ACD1A /* XCRemoteSwiftPackageReference "Sparkle" */,
			);
			productRefGroup = 044309B87E88CC1B2CBB286D /* Products */;
			projectDirPath = "";
			projectRoot = "";
			targets = (
				8B44F6F33C6A94208DDFCBBD /* SKM */,
				82963E4EE77A35BBF2B1EED3 /* SKMTests */,
				52BABDCE09AC70AE94DA3A71 /* SKMUITests */,
			);
		};
/* End PBXProject section */

/* Begin PBXResourcesBuildPhase section */
		4DB3C7E5B686969DF7A36F68 /* Resources */ = {
			isa = PBXResourcesBuildPhase;
			buildActionMask = 2147483647;
			files = (
			);
			runOnlyForDeploymentPostprocessing = 0;
		};
		4F6074A83EC609759C0EE8B5 /* Resources */ = {
			isa = PBXResourcesBuildPhase;
			buildActionMask = 2147483647;
			files = (
			);
			runOnlyForDeploymentPostprocessing = 0;
		};
		8A84DE5911F850D3423C6266 /* Resources */ = {
			isa = PBXResourcesBuildPhase;
			buildActionMask = 2147483647;
			files = (
				1106670EBC61298B38943484 /* Assets.xcassets in Resources */,
				D0E3D2AAAA39AA7801A87F49 /* Localizable.xcstrings in Resources */,
			);
			runOnlyForDeploymentPostprocessing = 0;
		};
/* End PBXResourcesBuildPhase section */

/* Begin PBXShellScriptBuildPhase section */
		C8EDC046F66F643D6824E280 /* Build bundled Go Core */ = {
			isa = PBXShellScriptBuildPhase;
			alwaysOutOfDate = 1;
			buildActionMask = 2147483647;
			files = (
			);
			inputFileListPaths = (
			);
			inputPaths = (
			);
			name = "Build bundled Go Core";
			outputFileListPaths = (
			);
			outputPaths = (
			);
			runOnlyForDeploymentPostprocessing = 0;
			shellPath = /bin/sh;
			shellScript = "\"$PROJECT_DIR/Scripts/build-go-core.sh\"";
		};
/* End PBXShellScriptBuildPhase section */

/* Begin PBXSourcesBuildPhase section */
		6CD3F55280BB16CD1690111F /* Sources */ = {
			isa = PBXSourcesBuildPhase;
			buildActionMask = 2147483647;
			files = (
				9FDDA2849C51B2419F28CE50 /* AppModelTests.swift in Sources */,
				F414ECF3C7108F46856EE347 /* ModelsTests.swift in Sources */,
			);
			runOnlyForDeploymentPostprocessing = 0;
		};
		815E6D67C07AE0BB31AB401F /* Sources */ = {
			isa = PBXSourcesBuildPhase;
			buildActionMask = 2147483647;
			files = (
				DDF27EC8381E6AC6FD5162E8 /* TuistAssets+SKM.swift in Sources */,
				9F549DC12757A782F7B5AA03 /* TuistBundle+SKM.swift in Sources */,
				DB4764650C774C5DD15C0660 /* AppModel.swift in Sources */,
				C9B9B1E200AB7B41C7565D5D /* RootView.swift in Sources */,
				EDF7A073596CFA3FFC20EE47 /* SKMApp.swift in Sources */,
				7413D065476DEF2CA7DB5D8F /* CoreClient.swift in Sources */,
				5CB541B83F2903AF41D137DF /* FileChangeMonitor.swift in Sources */,
				78ACAAFA032D10D67A330BE5 /* Models.swift in Sources */,
				C1A55E550000000000000001 /* ProjectAccessStatus.swift in Sources */,
				CB194CE0CB17A6BDBEF2E17C /* QuickLookPresenter.swift in Sources */,
				84D9A7B9C97070C47EF3E3E1 /* SparkleUpdater.swift in Sources */,
				A59F9AC65EC3577FF5D8CA74 /* AgentsViews.swift in Sources */,
				3BD30DBC41B24FDF9CA5E7E0 /* DiagnosticsViews.swift in Sources */,
				721F009D1D6F5C349F5E6D6E /* Phase3Views.swift in Sources */,
				C1A55E560000000000000001 /* ProjectAccessSettingsView.swift in Sources */,
				D5BD2C26163524C81996F417 /* ProjectsViews.swift in Sources */,
				E2A97B6A3F3445B3C7C92E68 /* PromptsViews.swift in Sources */,
				6E990A3952BFAE9AD9669E5C /* SkillsViews.swift in Sources */,
				5AB7331AA5DD7E18A9FF5E9E /* SourcesViews.swift in Sources */,
				B8F0C11B6F7742B093A51E01 /* TagFilterBar.swift in Sources */,
				D02A6A7F6F768ECB352AB371 /* WorkspaceViews.swift in Sources */,
			);
			runOnlyForDeploymentPostprocessing = 0;
		};
		B9A135E34155CE492DC3C9D2 /* Sources */ = {
			isa = PBXSourcesBuildPhase;
			buildActionMask = 2147483647;
			files = (
				1C0F2792556C4FB4B69120B1 /* SKMUITests.swift in Sources */,
			);
			runOnlyForDeploymentPostprocessing = 0;
		};
/* End PBXSourcesBuildPhase section */

/* Begin PBXTargetDependency section */
		524F51AA3BF4E466E969435A /* PBXTargetDependency */ = {
			isa = PBXTargetDependency;
			name = SKM;
			target = 8B44F6F33C6A94208DDFCBBD /* SKM */;
			targetProxy = D8FF61A176E19AF0D27E7759 /* PBXContainerItemProxy */;
		};
		FD8C93C72AB6B3473DA4BA8B /* PBXTargetDependency */ = {
			isa = PBXTargetDependency;
			name = SKM;
			target = 8B44F6F33C6A94208DDFCBBD /* SKM */;
			targetProxy = 412C359F33035AC90432CBA9 /* PBXContainerItemProxy */;
		};
/* End PBXTargetDependency section */

/* Begin XCBuildConfiguration section */
		17FA9CF3995AB26E4BA450FA /* Release */ = {
			isa = XCBuildConfiguration;
			buildSettings = {
				BUNDLE_LOADER = "$(TEST_HOST)";
				CODE_SIGN_IDENTITY = "-";
				INFOPLIST_FILE = "Derived/InfoPlists/SKMTests-Info.plist";
				LD_RUNPATH_SEARCH_PATHS = (
					"$(inherited)",
					"@executable_path/../Frameworks",
					"@loader_path/../Frameworks",
				);
				MACOSX_DEPLOYMENT_TARGET = 14.0;
				PRODUCT_BUNDLE_IDENTIFIER = com.zzzzzyijie.skm.tests;
				PRODUCT_NAME = SKMTests;
				SDKROOT = macosx;
				SWIFT_COMPILATION_MODE = wholemodule;
				SWIFT_OPTIMIZATION_LEVEL = "-O";
				TEST_HOST = "$(BUILT_PRODUCTS_DIR)/SKM.app/$(BUNDLE_EXECUTABLE_FOLDER_PATH)/SKM";
				TEST_TARGET_NAME = SKM;
			};
			name = Release;
		};
		1DCECCC3873611AB66149D1B /* Release */ = {
			isa = XCBuildConfiguration;
			buildSettings = {
				ALWAYS_SEARCH_USER_PATHS = NO;
				ASSETCATALOG_COMPILER_APPICON_NAME = AppIcon;
				CLANG_ANALYZER_LOCALIZABILITY_NONLOCALIZED = YES;
				CLANG_ANALYZER_NONNULL = YES;
				CLANG_ANALYZER_NUMBER_OBJECT_CONVERSION = YES_AGGRESSIVE;
				CLANG_CXX_LANGUAGE_STANDARD = "gnu++14";
				CLANG_CXX_LIBRARY = "libc++";
				CLANG_ENABLE_MODULES = YES;
				CLANG_ENABLE_OBJC_ARC = YES;
				CLANG_ENABLE_OBJC_WEAK = YES;
				CLANG_WARN_BLOCK_CAPTURE_AUTORELEASING = YES;
				CLANG_WARN_BOOL_CONVERSION = YES;
				CLANG_WARN_COMMA = YES;
				CLANG_WARN_CONSTANT_CONVERSION = YES;
				CLANG_WARN_DEPRECATED_OBJC_IMPLEMENTATIONS = YES;
				CLANG_WARN_DIRECT_OBJC_ISA_USAGE = YES_ERROR;
				CLANG_WARN_DOCUMENTATION_COMMENTS = YES;
				CLANG_WARN_EMPTY_BODY = YES;
				CLANG_WARN_ENUM_CONVERSION = YES;
				CLANG_WARN_INFINITE_RECURSION = YES;
				CLANG_WARN_INT_CONVERSION = YES;
				CLANG_WARN_NON_LITERAL_NULL_CONVERSION = YES;
				CLANG_WARN_OBJC_IMPLICIT_RETAIN_SELF = YES;
				CLANG_WARN_OBJC_LITERAL_CONVERSION = YES;
				CLANG_WARN_OBJC_ROOT_CLASS = YES_ERROR;
				CLANG_WARN_QUOTED_INCLUDE_IN_FRAMEWORK_HEADER = YES;
				CLANG_WARN_RANGE_LOOP_ANALYSIS = YES;
				CLANG_WARN_STRICT_PROTOTYPES = YES;
				CLANG_WARN_SUSPICIOUS_MOVE = YES;
				CLANG_WARN_UNGUARDED_AVAILABILITY = YES_AGGRESSIVE;
				CLANG_WARN_UNREACHABLE_CODE = YES;
				CLANG_WARN__DUPLICATE_METHOD_MATCH = YES;
				CODE_SIGN_STYLE = Automatic;
				COPY_PHASE_STRIP = NO;
				CURRENT_PROJECT_VERSION = 3;
				DEAD_CODE_STRIPPING = YES;
				DEBUG_INFORMATION_FORMAT = "dwarf-with-dsym";
				ENABLE_APP_SANDBOX = NO;
				ENABLE_HARDENED_RUNTIME = YES;
				ENABLE_NS_ASSERTIONS = NO;
				ENABLE_STRICT_OBJC_MSGSEND = YES;
				ENABLE_USER_SCRIPT_SANDBOXING = NO;
				GCC_C_LANGUAGE_STANDARD = gnu11;
				GCC_NO_COMMON_BLOCKS = YES;
				GCC_WARN_64_TO_32_BIT_CONVERSION = YES;
				GCC_WARN_ABOUT_RETURN_TYPE = YES_ERROR;
				GCC_WARN_UNDECLARED_SELECTOR = YES;
				GCC_WARN_UNINITIALIZED_AUTOS = YES_AGGRESSIVE;
				GCC_WARN_UNUSED_FUNCTION = YES;
				GCC_WARN_UNUSED_VARIABLE = YES;
				MACOSX_DEPLOYMENT_TARGET = 14.0;
				MARKETING_VERSION = 0.5.3;
				MTL_ENABLE_DEBUG_INFO = NO;
				PRODUCT_NAME = "$(TARGET_NAME)";
				SKM_SPARKLE_FEED_URL = "https://github.com/zzzzzyijie/skm/releases/latest/download/appcast.xml";
				SKM_SPARKLE_PUBLIC_KEY = "";
				SWIFT_VERSION = 6.0;
				VALIDATE_PRODUCT = YES;
			};
			name = Release;
		};
		4C10859EF5B02CA8E4BE6650 /* Release */ = {
			isa = XCBuildConfiguration;
			buildSettings = {
				ASSETCATALOG_COMPILER_APPICON_NAME = AppIcon;
				ASSETCATALOG_COMPILER_GLOBAL_ACCENT_COLOR_NAME = AccentColor;
				CODE_SIGN_IDENTITY = "-";
				COMBINE_HIDPI_IMAGES = YES;
				ENABLE_PREVIEWS = YES;
				INFOPLIST_FILE = "Derived/InfoPlists/SKM-Info.plist";
				LD_RUNPATH_SEARCH_PATHS = (
					"$(inherited)",
					"@executable_path/../Frameworks",
				);
				MACOSX_DEPLOYMENT_TARGET = 14.0;
				PRODUCT_BUNDLE_IDENTIFIER = com.zzzzzyijie.skm;
				PRODUCT_NAME = SKM;
				SDKROOT = macosx;
				SWIFT_COMPILATION_MODE = wholemodule;
				SWIFT_OPTIMIZATION_LEVEL = "-O";
			};
			name = Release;
		};
		562C6A1DDB1E1F039AC844CF /* Debug */ = {
			isa = XCBuildConfiguration;
			buildSettings = {
				ALWAYS_SEARCH_USER_PATHS = NO;
				ASSETCATALOG_COMPILER_APPICON_NAME = AppIcon;
				CLANG_ANALYZER_LOCALIZABILITY_NONLOCALIZED = YES;
				CLANG_ANALYZER_NONNULL = YES;
				CLANG_ANALYZER_NUMBER_OBJECT_CONVERSION = YES_AGGRESSIVE;
				CLANG_CXX_LANGUAGE_STANDARD = "gnu++14";
				CLANG_CXX_LIBRARY = "libc++";
				CLANG_ENABLE_MODULES = YES;
				CLANG_ENABLE_OBJC_ARC = YES;
				CLANG_ENABLE_OBJC_WEAK = YES;
				CLANG_WARN_BLOCK_CAPTURE_AUTORELEASING = YES;
				CLANG_WARN_BOOL_CONVERSION = YES;
				CLANG_WARN_COMMA = YES;
				CLANG_WARN_CONSTANT_CONVERSION = YES;
				CLANG_WARN_DEPRECATED_OBJC_IMPLEMENTATIONS = YES;
				CLANG_WARN_DIRECT_OBJC_ISA_USAGE = YES_ERROR;
				CLANG_WARN_DOCUMENTATION_COMMENTS = YES;
				CLANG_WARN_EMPTY_BODY = YES;
				CLANG_WARN_ENUM_CONVERSION = YES;
				CLANG_WARN_INFINITE_RECURSION = YES;
				CLANG_WARN_INT_CONVERSION = YES;
				CLANG_WARN_NON_LITERAL_NULL_CONVERSION = YES;
				CLANG_WARN_OBJC_IMPLICIT_RETAIN_SELF = YES;
				CLANG_WARN_OBJC_LITERAL_CONVERSION = YES;
				CLANG_WARN_OBJC_ROOT_CLASS = YES_ERROR;
				CLANG_WARN_QUOTED_INCLUDE_IN_FRAMEWORK_HEADER = YES;
				CLANG_WARN_RANGE_LOOP_ANALYSIS = YES;
				CLANG_WARN_STRICT_PROTOTYPES = YES;
				CLANG_WARN_SUSPICIOUS_MOVE = YES;
				CLANG_WARN_UNGUARDED_AVAILABILITY = YES_AGGRESSIVE;
				CLANG_WARN_UNREACHABLE_CODE = YES;
				CLANG_WARN__DUPLICATE_METHOD_MATCH = YES;
				CODE_SIGN_STYLE = Automatic;
				COPY_PHASE_STRIP = NO;
				CURRENT_PROJECT_VERSION = 3;
				DEAD_CODE_STRIPPING = YES;
				DEBUG_INFORMATION_FORMAT = dwarf;
				ENABLE_APP_SANDBOX = NO;
				ENABLE_HARDENED_RUNTIME = YES;
				ENABLE_STRICT_OBJC_MSGSEND = YES;
				ENABLE_TESTABILITY = YES;
				ENABLE_USER_SCRIPT_SANDBOXING = NO;
				GCC_C_LANGUAGE_STANDARD = gnu11;
				GCC_DYNAMIC_NO_PIC = NO;
				GCC_NO_COMMON_BLOCKS = YES;
				GCC_OPTIMIZATION_LEVEL = 0;
				GCC_PREPROCESSOR_DEFINITIONS = (
					"DEBUG=1",
					"$(inherited)",
				);
				GCC_WARN_64_TO_32_BIT_CONVERSION = YES;
				GCC_WARN_ABOUT_RETURN_TYPE = YES_ERROR;
				GCC_WARN_UNDECLARED_SELECTOR = YES;
				GCC_WARN_UNINITIALIZED_AUTOS = YES_AGGRESSIVE;
				GCC_WARN_UNUSED_FUNCTION = YES;
				GCC_WARN_UNUSED_VARIABLE = YES;
				MACOSX_DEPLOYMENT_TARGET = 14.0;
				MARKETING_VERSION = 0.5.3;
				MTL_ENABLE_DEBUG_INFO = YES;
				ONLY_ACTIVE_ARCH = YES;
				PRODUCT_NAME = "$(TARGET_NAME)";
				SKM_SPARKLE_FEED_URL = "https://github.com/zzzzzyijie/skm/releases/latest/download/appcast.xml";
				SKM_SPARKLE_PUBLIC_KEY = "";
				SWIFT_VERSION = 6.0;
			};
			name = Debug;
		};
		B5B4545844568FE0F927A000 /* Debug */ = {
			isa = XCBuildConfiguration;
			buildSettings = {
				CODE_SIGN_IDENTITY = "-";
				ENABLE_HARDENED_RUNTIME = NO;
				INFOPLIST_FILE = "Derived/InfoPlists/SKMUITests-Info.plist";
				LD_RUNPATH_SEARCH_PATHS = (
					"$(inherited)",
					"@executable_path/../Frameworks",
					"@loader_path/../Frameworks",
				);
				MACOSX_DEPLOYMENT_TARGET = 14.0;
				PRODUCT_BUNDLE_IDENTIFIER = "com.zzzzzyijie.skm.ui-tests";
				PRODUCT_NAME = SKMUITests;
				SDKROOT = macosx;
				SWIFT_ACTIVE_COMPILATION_CONDITIONS = (
					"$(inherited)",
					DEBUG,
				);
				SWIFT_COMPILATION_MODE = singlefile;
				SWIFT_OPTIMIZATION_LEVEL = "-Onone";
				TEST_TARGET_NAME = SKM;
			};
			name = Debug;
		};
		BD6DEA12F195CE030520010B /* Debug */ = {
			isa = XCBuildConfiguration;
			buildSettings = {
				BUNDLE_LOADER = "$(TEST_HOST)";
				CODE_SIGN_IDENTITY = "-";
				INFOPLIST_FILE = "Derived/InfoPlists/SKMTests-Info.plist";
				LD_RUNPATH_SEARCH_PATHS = (
					"$(inherited)",
					"@executable_path/../Frameworks",
					"@loader_path/../Frameworks",
				);
				MACOSX_DEPLOYMENT_TARGET = 14.0;
				PRODUCT_BUNDLE_IDENTIFIER = com.zzzzzyijie.skm.tests;
				PRODUCT_NAME = SKMTests;
				SDKROOT = macosx;
				SWIFT_ACTIVE_COMPILATION_CONDITIONS = (
					"$(inherited)",
					DEBUG,
				);
				SWIFT_COMPILATION_MODE = singlefile;
				SWIFT_OPTIMIZATION_LEVEL = "-Onone";
				TEST_HOST = "$(BUILT_PRODUCTS_DIR)/SKM.app/$(BUNDLE_EXECUTABLE_FOLDER_PATH)/SKM";
				TEST_TARGET_NAME = SKM;
			};
			name = Debug;
		};
		EB09FB9D548C556481A13849 /* Release */ = {
			isa = XCBuildConfiguration;
			buildSettings = {
				CODE_SIGN_IDENTITY = "-";
				ENABLE_HARDENED_RUNTIME = NO;
				INFOPLIST_FILE = "Derived/InfoPlists/SKMUITests-Info.plist";
				LD_RUNPATH_SEARCH_PATHS = (
					"$(inherited)",
					"@executable_path/../Frameworks",
					"@loader_path/../Frameworks",
				);
				MACOSX_DEPLOYMENT_TARGET = 14.0;
				PRODUCT_BUNDLE_IDENTIFIER = "com.zzzzzyijie.skm.ui-tests";
				PRODUCT_NAME = SKMUITests;
				SDKROOT = macosx;
				SWIFT_COMPILATION_MODE = wholemodule;
				SWIFT_OPTIMIZATION_LEVEL = "-O";
				TEST_TARGET_NAME = SKM;
			};
			name = Release;
		};
		F0D4FFA9DF924101C2C8BD58 /* Debug */ = {
			isa = XCBuildConfiguration;
			buildSettings = {
				ASSETCATALOG_COMPILER_APPICON_NAME = AppIcon;
				ASSETCATALOG_COMPILER_GLOBAL_ACCENT_COLOR_NAME = AccentColor;
				CODE_SIGN_IDENTITY = "-";
				COMBINE_HIDPI_IMAGES = YES;
				ENABLE_PREVIEWS = YES;
				INFOPLIST_FILE = "Derived/InfoPlists/SKM-Info.plist";
				LD_RUNPATH_SEARCH_PATHS = (
					"$(inherited)",
					"@executable_path/../Frameworks",
				);
				MACOSX_DEPLOYMENT_TARGET = 14.0;
				PRODUCT_BUNDLE_IDENTIFIER = com.zzzzzyijie.skm;
				PRODUCT_NAME = SKM;
				SDKROOT = macosx;
				SWIFT_ACTIVE_COMPILATION_CONDITIONS = (
					"$(inherited)",
					DEBUG,
				);
				SWIFT_COMPILATION_MODE = singlefile;
				SWIFT_OPTIMIZATION_LEVEL = "-Onone";
			};
			name = Debug;
		};
/* End XCBuildConfiguration section */

/* Begin XCConfigurationList section */
		30AF14A9880205E8CA1AE54E /* Build configuration list for PBXProject "SKM" */ = {
			isa = XCConfigurationList;
			buildConfigurations = (
				562C6A1DDB1E1F039AC844CF /* Debug */,
				1DCECCC3873611AB66149D1B /* Release */,
			);
			defaultConfigurationIsVisible = 0;
			defaultConfigurationName = Release;
		};
		B54C1E0FAAD74708360513BB /* Build configuration list for PBXNativeTarget "SKMTests" */ = {
			isa = XCConfigurationList;
			buildConfigurations = (
				BD6DEA12F195CE030520010B /* Debug */,
				17FA9CF3995AB26E4BA450FA /* Release */,
			);
			defaultConfigurationIsVisible = 0;
			defaultConfigurationName = Release;
		};
		D8AB72EE7FA042ED01BD50F2 /* Build configuration list for PBXNativeTarget "SKM" */ = {
			isa = XCConfigurationList;
			buildConfigurations = (
				F0D4FFA9DF924101C2C8BD58 /* Debug */,
				4C10859EF5B02CA8E4BE6650 /* Release */,
			);
			defaultConfigurationIsVisible = 0;
			defaultConfigurationName = Release;
		};
		E57D83590F6645B98E9AED91 /* Build configuration list for PBXNativeTarget "SKMUITests" */ = {
			isa = XCConfigurationList;
			buildConfigurations = (
				B5B4545844568FE0F927A000 /* Debug */,
				EB09FB9D548C556481A13849 /* Release */,
			);
			defaultConfigurationIsVisible = 0;
			defaultConfigurationName = Release;
		};
/* End XCConfigurationList section */

/* Begin XCRemoteSwiftPackageReference section */
		4895FA94C95E2B3FAC6ACD1A /* XCRemoteSwiftPackageReference "Sparkle" */ = {
			isa = XCRemoteSwiftPackageReference;
			repositoryURL = "https://github.com/sparkle-project/Sparkle";
			requirement = {
				kind = exactVersion;
				version = 2.9.6;
			};
		};
/* End XCRemoteSwiftPackageReference section */

/* Begin XCSwiftPackageProductDependency section */
		6BD7A66D76F77CCA9DDC0956 /* Sparkle */ = {
			isa = XCSwiftPackageProductDependency;
			productName = Sparkle;
		};
/* End XCSwiftPackageProductDependency section */
	};
	rootObject = 4C287F98CC5CFAF85F187B01 /* Project object */;
}
